
Microsoft Visual Studio Solution File, Format Version 12.00
# Visual Studio 15
VisualStudioVersion = 15.0.28307.757
MinimumVisualStudioVersion = 10.0.40219.1
Project("{FAE04EC0-301F-11D3-BF4B-00C04F79EFBC}") = "Senai.OpFlix.WebApi", "Senai.OpFlix.WebApi\Senai.OpFlix.WebApi.csproj", "{FB5CC64E-B6D8-4720-9579-A21008E618D6}"
EndProject
Global
	GlobalSection(SolutionConfigurationPlatforms) = preSolution
		Debug|Any CPU = Debug|Any CPU
		Release|Any CPU = Release|Any CPU
	EndGlobalSection
	GlobalSection(ProjectConfigurationPlatforms) = postSolution
		{FB5CC64E-B6D8-4720-9579-A21008E618D6}.Debug|Any CPU.ActiveCfg = Debug|Any CPU
		{FB5CC64E-B6D8-4720-9579-A21008E618D6}.Debug|Any CPU.Build.0 = Debug|Any CPU
		{FB5CC64E-B6D8-4720-9579-A21008E618D6}.Release|Any CPU.ActiveCfg = Release|Any CPU
		{FB5CC64E-B6D8-4720-9579-A21008E618D6}.Release|Any CPU.Build.0 = Release|Any CPU
	EndGlobalSection
	GlobalSection(SolutionProperties) = preSolution
		HideSolutionNode = FALSE
	EndGlobalSection
	GlobalSection(ExtensibilityGlobals) = postSolution
		SolutionGuid = {EA4F7915-734B-4874-84A0-4F98C3A2CA45}
	EndGlobalSection
EndGlobal
